
Microsoft Visual Studio Solution File, Format Version 12.00
# Visual Studio Version 17
VisualStudioVersion = 17.9.34728.123
MinimumVisualStudioVersion = 10.0.40219.1
Project("{FAE04EC0-301F-11D3-BF4B-00C04F79EFBC}") = "CinematiQ", "CinematiQ\CinematiQ.csproj", "{F7B191CC-5793-426B-B837-351B94CA2387}"
EndProject
Global
	GlobalSection(SolutionConfigurationPlatforms) = preSolution
		Debug|Any CPU = Debug|Any CPU
		Release|Any CPU = Release|Any CPU
	EndGlobalSection
	GlobalSection(ProjectConfigurationPlatforms) = postSolution
		{F7B191CC-5793-426B-B837-351B94CA2387}.Debug|Any CPU.ActiveCfg = Debug|Any CPU
		{F7B191CC-5793-426B-B837-351B94CA2387}.Debug|Any CPU.Build.0 = Debug|Any CPU
		{F7B191CC-5793-426B-B837-351B94CA2387}.Release|Any CPU.ActiveCfg = Release|Any CPU
		{F7B191CC-5793-426B-B837-351B94CA2387}.Release|Any CPU.Build.0 = Release|Any CPU
	EndGlobalSection
	GlobalSection(SolutionProperties) = preSolution
		HideSolutionNode = FALSE
	EndGlobalSection
	GlobalSection(ExtensibilityGlobals) = postSolution
		SolutionGuid = {BBF634D9-7B8C-4EC9-A36C-11D35FE92658}
	EndGlobalSection
EndGlobal
